// !$*UTF8*$!
{
	archiveVersion = 1;
	classes = {
	};
	objectVersion = 46;
	objects = {

/* Begin PBXBuildFile section */
		D5475B461E12BE5400D5173C /* AppDelegate.swift in Sources */ = {isa = PBXBuildFile; fileRef = D5475B451E12BE5400D5173C /* AppDelegate.swift */; };
		D5475B481E12BE5400D5173C /* ViewController.swift in Sources */ = {isa = PBXBuildFile; fileRef = D5475B471E12BE5400D5173C /* ViewController.swift */; };
		D5475B4B1E12BE5400D5173C /* Main.storyboard in Resources */ = {isa = PBXBuildFile; fileRef = D5475B491E12BE5400D5173C /* Main.storyboard */; };
		D5475B4D1E12BE5400D5173C /* Assets.xcassets in Resources */ = {isa = PBXBuildFile; fileRef = D5475B4C1E12BE5400D5173C /* Assets.xcassets */; };
		D5475B501E12BE5400D5173C /* LaunchScreen.storyboard in Resources */ = {isa = PBXBuildFile; fileRef = D5475B4E1E12BE5400D5173C /* LaunchScreen.storyboard */; };
/* End PBXBuildFile section */

/* Begin PBXFileReference section */
		D5475B421E12BE5400D5173C /* PokedexApp.app */ = {isa = PBXFileReference; explicitFileType = wrapper.application; includeInIndex = 0; path = PokedexApp.app; sourceTree = BUILT_PRODUCTS_DIR; };
		D5475B451E12BE5400D5173C /* AppDelegate.swift */ = {isa = PBXFileReference; lastKnownFileType = sourcecode.swift; path = AppDelegate.swift; sourceTree = "<group>"; };
		D5475B471E12BE5400D5173C /* ViewController.swift */ = {isa = PBXFileReference; lastKnownFileType = sourcecode.swift; path = ViewController.swift; sourceTree = "<group>"; };
		D5475B4A1E12BE5400D5173C /* Base */ = {isa = PBXFileReference; lastKnownFileType = file.storyboard; name = Base; path = Base.lproj/Main.storyboard; sourceTree = "<group>"; };
		D5475B4C1E12BE5400D5173C /* Assets.xcassets */ = {isa = PBXFileReference; lastKnownFileType = folder.assetcatalog; path = Assets.xcassets; sourceTree = "<group>"; };
		D5475B4F1E12BE5400D5173C /* Base */ = {isa = PBXFileReference; lastKnownFileType = file.storyboard; name = Base; path = Base.lproj/LaunchScreen.storyboard; sourceTree = "<group>"; };
		D5475B511E12BE5400D5173C /* Info.plist */ = {isa = PBXFileReference; lastKnownFileType = text.plist.xml; path = Info.plist; sourceTree = "<group>"; };
/* End PBXFileReference section */

/* Begin PBXFrameworksBuildPhase section */
		D5475B3F1E12BE5400D5173C /* Frameworks */ = {
			isa = PBXFrameworksBuildPhase;
			buildActionMask = 2147483647;
			files = (
			);
			runOnlyForDeploymentPostprocessing = 0;
		};
/* End PBXFrameworksBuildPhase section */

/* Begin PBXGroup section */
		D5475B391E12BE5400D5173C = {
			isa = PBXGroup;
			children = (
				D5475B441E12BE5400D5173C /* PokedexApp */,
				D5475B431E12BE5400D5173C /* Products */,
			);
			sourceTree = "<group>";
		};
		D5475B431E12BE5400D5173C /* Products */ = {
			isa = PBXGroup;
			children = (
				D5475B421E12BE5400D5173C /* PokedexApp.app */,
			);
			name = Products;
			sourceTree = "<group>";
		};
		D5475B441E12BE5400D5173C /* PokedexApp */ = {
			isa = PBXGroup;
			children = (
				D5475B491E12BE5400D5173C /* Main.storyboard */,
				D5475B5A1E12BEA200D5173C /* Modal */,
				D5475B591E12BE9C00D5173C /* View */,
				D5475B581E12BE9300D5173C /* Controller */,
				D5475B571E12BE8600D5173C /* Supporting Files */,
			);
			path = PokedexApp;
			sourceTree = "<group>";
		};
		D5475B571E12BE8600D5173C /* Supporting Files */ = {
			isa = PBXGroup;
			children = (
				D5475B451E12BE5400D5173C /* AppDelegate.swift */,
				D5475B4C1E12BE5400D5173C /* Assets.xcassets */,
				D5475B4E1E12BE5400D5173C /* LaunchScreen.storyboard */,
				D5475B511E12BE5400D5173C /* Info.plist */,
			);
			name = "Supporting Files";
			sourceTree = "<group>";
		};
		D5475B581E12BE9300D5173C /* Controller */ = {
			isa = PBXGroup;
			children = (
				D5475B471E12BE5400D5173C /* ViewController.swift */,
			);
			name = Controller;
			sourceTree = "<group>";
		};
		D5475B591E12BE9C00D5173C /* View */ = {
			isa = PBXGroup;
			children = (
			);
			name = View;
			sourceTree = "<group>";
		};
		D5475B5A1E12BEA200D5173C /* Modal */ = {
			isa = PBXGroup;
			children = (
			);
			name = Modal;
			sourceTree = "<group>";
		};
/* End PBXGroup section */

/* Begin PBXNativeTarget section */
		D5475B411E12BE5400D5173C /* PokedexApp */ = {
			isa = PBXNativeTarget;
			buildConfigurationList = D5475B541E12BE5400D5173C /* Build configuration list for PBXNativeTarget "PokedexApp" */;
			buildPhases = (
				D5475B3E1E12BE5400D5173C /* Sources */,
				D5475B3F1E12BE5400D5173C /* Frameworks */,
				D5475B401E12BE5400D5173C /* Resources */,
			);
			buildRules = (
			);
			dependencies = (
			);
			name = PokedexApp;
			productName = PokedexApp;
			productReference = D5475B421E12BE5400D5173C /* PokedexApp.app */;
			productType = "com.apple.product-type.application";
		};
/* End PBXNativeTarget section */

/* Begin PBXProject section */
		D5475B3A1E12BE5400D5173C /* Project object */ = {
			isa = PBXProject;
			attributes = {
				LastSwiftUpdateCheck = 0800;
				LastUpgradeCheck = 0800;
				ORGANIZATIONNAME = "Younoussa Ousmane Abdou";
				TargetAttributes = {
					D5475B411E12BE5400D5173C = {
						CreatedOnToolsVersion = 8.0;
						DevelopmentTeam = 7HAUD8EZY3;
						ProvisioningStyle = Automatic;
					};
				};
			};
			buildConfigurationList = D5475B3D1E12BE5400D5173C /* Build configuration list for PBXProject "PokedexApp" */;
			compatibilityVersion = "Xcode 3.2";
			developmentRegion = English;
			hasScannedForEncodings = 0;
			knownRegions = (
				en,
				Base,
			);
			mainGroup = D5475B391E12BE5400D5173C;
			productRefGroup = D5475B431E12BE5400D5173C /* Products */;
			projectDirPath = "";
			projectRoot = "";
			targets = (
				D5475B411E12BE5400D5173C /* PokedexApp */,
			);
		};
/* End PBXProject section */

/* Begin PBXResourcesBuildPhase section */
		D5475B401E12BE5400D5173C /* Resources */ = {
			isa = PBXResourcesBuildPhase;
			buildActionMask = 2147483647;
			files = (
				D5475B501E12BE5400D5173C /* LaunchScreen.storyboard in Resources */,
				D5475B4D1E12BE5400D5173C /* Assets.xcassets in Resources */,
				D5475B4B1E12BE5400D5173C /* Main.storyboard in Resources */,
			);
			runOnlyForDeploymentPostprocessing = 0;
		};
/* End PBXResourcesBuildPhase section */

/* Begin PBXSourcesBuildPhase section */
		D5475B3E1E12BE5400D5173C /* Sources */ = {
			isa = PBXSourcesBuildPhase;
			buildActionMask = 2147483647;
			files = (
				D5475B481E12BE5400D5173C /* ViewController.swift in Sources */,
				D5475B461E12BE5400D5173C /* AppDelegate.swift in Sources */,
			);
			runOnlyForDeploymentPostprocessing = 0;
		};
/* End PBXSourcesBuildPhase section */

/* Begin PBXVariantGroup section */
		D5475B491E12BE5400D5173C /* Main.storyboard */ = {
			isa = PBXVariantGroup;
			children = (
				D5475B4A1E12BE5400D5173C /* Base */,
			);
			name = Main.storyboard;
			sourceTree = "<group>";
		};
		D5475B4E1E12BE5400D5173C /* LaunchScreen.storyboard */ = {
			isa = PBXVariantGroup;
			children = (
				D5475B4F1E12BE5400D5173C /* Base */,
			);
			name = LaunchScreen.storyboard;
			sourceTree = "<group>";
		};
/* End PBXVariantGroup section */

/* Begin XCBuildConfiguration section */
		D5475B521E12BE5400D5173C /* Debug */ = {
			isa = XCBuildConfiguration;
			buildSettings = {
				ALWAYS_SEARCH_USER_PATHS = NO;
				CLANG_ANALYZER_NONNULL = YES;
				CLANG_CXX_LANGUAGE_STANDARD = "gnu++0x";
				CLANG_CXX_LIBRARY = "libc++";
				CLANG_ENABLE_MODULES = YES;
				CLANG_ENABLE_OBJC_ARC = YES;
				CLANG_WARN_BOOL_CONVERSION = YES;
				CLANG_WARN_CONSTANT_CONVERSION = YES;
				CLANG_WARN_DIRECT_OBJC_ISA_USAGE = YES_ERROR;
				CLANG_WARN_DOCUMENTATION_COMMENTS = YES;
				CLANG_WARN_EMPTY_BODY = YES;
				CLANG_WARN_ENUM_CONVERSION = YES;
				CLANG_WARN_INFINITE_RECURSION = YES;
				CLANG_WARN_INT_CONVERSION = YES;
				CLANG_WARN_OBJC_ROOT_CLASS = YES_ERROR;
				CLANG_WARN_SUSPICIOUS_MOVES = YES;
				CLANG_WARN_UNREACHABLE_CODE = YES;
				CLANG_WARN__DUPLICATE_METHOD_MATCH = YES;
				"CODE_SIGN_IDENTITY[sdk=iphoneos*]" = "iPhone Developer";
				COPY_PHASE_STRIP = NO;
				DEBUG_INFORMATION_FORMAT = dwarf;
				ENABLE_STRICT_OBJC_MSGSEND = YES;
				ENABLE_TESTABILITY = YES;
				GCC_C_LANGUAGE_STANDARD = gnu99;
				GCC_DYNAMIC_NO_PIC = NO;
				GCC_NO_COMMON_BLOCKS = YES;
				GCC_OPTIMIZATION_LEVEL = 0;
				GCC_PREPROCESSOR_DEFINITIONS = (
					"DEBUG=1",
					"$(inherited)",
				);
				GCC_WARN_64_TO_32_BIT_CONVERSION = YES;
				GCC_WARN_ABOUT_RETURN_TYPE = YES_ERROR;
				GCC_WARN_UNDECLARED_SELECTOR = YES;
				GCC_WARN_UNINITIALIZED_AUTOS = YES_AGGRESSIVE;
				GCC_WARN_UNUSED_FUNCTION = YES;
				GCC_WARN_UNUSED_VARIABLE = YES;
				IPHONEOS_DEPLOYMENT_TARGET = 10.0;
				MTL_ENABLE_DEBUG_INFO = YES;
				ONLY_ACTIVE_ARCH = YES;
				SDKROOT = iphoneos;
				SWIFT_ACTIVE_COMPILATION_CONDITIONS = DEBUG;
				SWIFT_OPTIMIZATION_LEVEL = "-Onone";
				TARGETED_DEVICE_FAMILY = "1,2";
			};
			name = Debug;
		};
		D5475B531E12BE5400D5173C /* Release */ = {
			isa = XCBuildConfiguration;
			buildSettings = {
				ALWAYS_SEARCH_USER_PATHS = NO;
				CLANG_ANALYZER_NONNULL = YES;
				CLANG_CXX_LANGUAGE_STANDARD = "gnu++0x";
				CLANG_CXX_LIBRARY = "libc++";
				CLANG_ENABLE_MODULES = YES;
				CLANG_ENABLE_OBJC_ARC = YES;
				CLANG_WARN_BOOL_CONVERSION = YES;
				CLANG_WARN_CONSTANT_CONVERSION = YES;
				CLANG_WARN_DIRECT_OBJC_ISA_USAGE = YES_ERROR;
				CLANG_WARN_DOCUMENTATION_COMMENTS = YES;
				CLANG_WARN_EMPTY_BODY = YES;
				CLANG_WARN_ENUM_CONVERSION = YES;
				CLANG_WARN_INFINITE_RECURSION = YES;
				CLANG_WARN_INT_CONVERSION = YES;
				CLANG_WARN_OBJC_ROOT_CLASS = YES_ERROR;
				CLANG_WARN_SUSPICIOUS_MOVES = YES;
				CLANG_WARN_UNREACHABLE_CODE = YES;
				CLANG_WARN__DUPLICATE_METHOD_MATCH = YES;
				"CODE_SIGN_IDENTITY[sdk=iphoneos*]" = "iPhone Developer";
				COPY_PHASE_STRIP = NO;
				DEBUG_INFORMATION_FORMAT = "dwarf-with-dsym";
				ENABLE_NS_ASSERTIONS = NO;
				ENABLE_STRICT_OBJC_MSGSEND = YES;
				GCC_C_LANGUAGE_STANDARD = gnu99;
				GCC_NO_COMMON_BLOCKS = YES;
				GCC_WARN_64_TO_32_BIT_CONVERSION = YES;
				GCC_WARN_ABOUT_RETURN_TYPE = YES_ERROR;
				GCC_WARN_UNDECLARED_SELECTOR = YES;
				GCC_WARN_UNINITIALIZED_AUTOS = YES_AGGRESSIVE;
				GCC_WARN_UNUSED_FUNCTION = YES;
				GCC_WARN_UNUSED_VARIABLE = YES;
				IPHONEOS_DEPLOYMENT_TARGET = 10.0;
				MTL_ENABLE_DEBUG_INFO = NO;
				SDKROOT = iphoneos;
				SWIFT_OPTIMIZATION_LEVEL = "-Owholemodule";
				TARGETED_DEVICE_FAMILY = "1,2";
				VALIDATE_PRODUCT = YES;
			};
			name = Release;
		};
		D5475B551E12BE5400D5173C /* Debug */ = {
			isa = XCBuildConfiguration;
			buildSettings = {
				ASSETCATALOG_COMPILER_APPICON_NAME = AppIcon;
				DEVELOPMENT_TEAM = 7HAUD8EZY3;
				INFOPLIST_FILE = PokedexApp/Info.plist;
				LD_RUNPATH_SEARCH_PATHS = "$(inherited) @executable_path/Frameworks";
				PRODUCT_BUNDLE_IDENTIFIER = com.yuso.PokedexApp;
				PRODUCT_NAME = "$(TARGET_NAME)";
				SWIFT_VERSION = 3.0;
				TARGETED_DEVICE_FAMILY = 1;
			};
			name = Debug;
		};
		D5475B561E12BE5400D5173C /* Release */ = {
			isa = XCBuildConfiguration;
			buildSettings = {
				ASSETCATALOG_COMPILER_APPICON_NAME = AppIcon;
				DEVELOPMENT_TEAM = 7HAUD8EZY3;
				INFOPLIST_FILE = PokedexApp/Info.plist;
				LD_RUNPATH_SEARCH_PATHS = "$(inherited) @executable_path/Frameworks";
				PRODUCT_BUNDLE_IDENTIFIER = com.yuso.PokedexApp;
				PRODUCT_NAME = "$(TARGET_NAME)";
				SWIFT_VERSION = 3.0;
				TARGETED_DEVICE_FAMILY = 1;
			};
			name = Release;
		};
/* End XCBuildConfiguration section */

/* Begin XCConfigurationList section */
		D5475B3D1E12BE5400D5173C /* Build configuration list for PBXProject "PokedexApp" */ = {
			isa = XCConfigurationList;
			buildConfigurations = (
				D5475B521E12BE5400D5173C /* Debug */,
				D5475B531E12BE5400D5173C /* Release */,
			);
			defaultConfigurationIsVisible = 0;
			defaultConfigurationName = Release;
		};
		D5475B541E12BE5400D5173C /* Build configuration list for PBXNativeTarget "PokedexApp" */ = {
			isa = XCConfigurationList;
			buildConfigurations = (
				D5475B551E12BE5400D5173C /* Debug */,
				D5475B561E12BE5400D5173C /* Release */,
			);
			defaultConfigurationIsVisible = 0;
		};
/* End XCConfigurationList section */
	};
	rootObject = D5475B3A1E12BE5400D5173C /* Project object */;
}
